{
  "name": "popclip-extensions",
  "lockfileVersion": 3,
  "requires": true,
  "packages": {
    "": {
      "dependencies": {
        "@popclip/types": "^1.4892.0"
      }
    },
    "node_modules/@popclip/types": {
      "version": "1.4892.0",
      "resolved": "https://npm.pdd.net/@popclip/types/-/types-1.4892.0.tgz",
      "integrity": "sha512-X7nm+p7ckKLjc9GV+5VZBXTgUTu4qriBmNbLvbmZeUMVrlQkS15ELSu60T0aAZtDZCWNa5k43nIxGobimIZo+g==",
      "license": "MIT"
    }
  }
}
